
Microsoft Visual Studio Solution File, Format Version 12.00
# Visual Studio Version 17
VisualStudioVersion = 17.1.32319.34
MinimumVisualStudioVersion = 10.0.40219.1
Project("{FAE04EC0-301F-11D3-BF4B-00C04F79EFBC}") = "MathService", "MathService\MathService.csproj", "{D2E703CB-0AE6-4454-904D-30E2C5DC1775}"
EndProject
Project("{FAE04EC0-301F-11D3-BF4B-00C04F79EFBC}") = "WinformsClient", "WinformsClient\WinformsClient.csproj", "{C22EC75D-DDDA-4CC0-9C27-0A52FC5830D7}"
	ProjectSection(ProjectDependencies) = postProject
		{D2E703CB-0AE6-4454-904D-30E2C5DC1775} = {D2E703CB-0AE6-4454-904D-30E2C5DC1775}
	EndProjectSection
EndProject
Global
	GlobalSection(SolutionConfigurationPlatforms) = preSolution
		Debug|Any CPU = Debug|Any CPU
		Release|Any CPU = Release|Any CPU
	EndGlobalSection
	GlobalSection(ProjectConfigurationPlatforms) = postSolution
		{D2E703CB-0AE6-4454-904D-30E2C5DC1775}.Debug|Any CPU.ActiveCfg = Debug|Any CPU
		{D2E703CB-0AE6-4454-904D-30E2C5DC1775}.Debug|Any CPU.Build.0 = Debug|Any CPU
		{D2E703CB-0AE6-4454-904D-30E2C5DC1775}.Release|Any CPU.ActiveCfg = Release|Any CPU
		{D2E703CB-0AE6-4454-904D-30E2C5DC1775}.Release|Any CPU.Build.0 = Release|Any CPU
		{C22EC75D-DDDA-4CC0-9C27-0A52FC5830D7}.Debug|Any CPU.ActiveCfg = Debug|Any CPU
		{C22EC75D-DDDA-4CC0-9C27-0A52FC5830D7}.Debug|Any CPU.Build.0 = Debug|Any CPU
		{C22EC75D-DDDA-4CC0-9C27-0A52FC5830D7}.Release|Any CPU.ActiveCfg = Release|Any CPU
		{C22EC75D-DDDA-4CC0-9C27-0A52FC5830D7}.Release|Any CPU.Build.0 = Release|Any CPU
	EndGlobalSection
	GlobalSection(SolutionProperties) = preSolution
		HideSolutionNode = FALSE
	EndGlobalSection
	GlobalSection(ExtensibilityGlobals) = postSolution
		SolutionGuid = {6507FA98-238A-404E-A7F7-ABD85CA32939}
	EndGlobalSection
EndGlobal
